
Microsoft Visual Studio Solution File, Format Version 12.00
# Visual Studio 2012
Project("{FAE04EC0-301F-11D3-BF4B-00C04F79EFBC}") = "TeamFin", "TeamFin\TeamFin.csproj", "{31DF6BD5-958B-4353-BCC3-04935CE328BD}"
EndProject
Project("{FAE04EC0-301F-11D3-BF4B-00C04F79EFBC}") = "TeamFin.Tests", "TeamFin.Tests\TeamFin.Tests.csproj", "{AECDF4D7-0311-49DA-82B7-E99724E2B763}"
EndProject
Project("{2150E333-8FDC-42A3-9474-1A3956D46DE8}") = "lib", "lib", "{50826310-3A26-4D6C-BC28-22802A914E0B}"
	ProjectSection(SolutionItems) = preProject
		lib\Microsoft.TeamFoundation.Build.Client.dll = lib\Microsoft.TeamFoundation.Build.Client.dll
		lib\Microsoft.TeamFoundation.Build.Common.dll = lib\Microsoft.TeamFoundation.Build.Common.dll
		lib\Microsoft.TeamFoundation.Build.Workflow.dll = lib\Microsoft.TeamFoundation.Build.Workflow.dll
		lib\Microsoft.TeamFoundation.Client.dll = lib\Microsoft.TeamFoundation.Client.dll
		lib\Microsoft.TeamFoundation.Common.dll = lib\Microsoft.TeamFoundation.Common.dll
		lib\Microsoft.TeamFoundation.WorkItemTracking.Client.dll = lib\Microsoft.TeamFoundation.WorkItemTracking.Client.dll
	EndProjectSection
EndProject
Global
	GlobalSection(SolutionConfigurationPlatforms) = preSolution
		Debug|Any CPU = Debug|Any CPU
		Release|Any CPU = Release|Any CPU
	EndGlobalSection
	GlobalSection(ProjectConfigurationPlatforms) = postSolution
		{31DF6BD5-958B-4353-BCC3-04935CE328BD}.Debug|Any CPU.ActiveCfg = Debug|Any CPU
		{31DF6BD5-958B-4353-BCC3-04935CE328BD}.Debug|Any CPU.Build.0 = Debug|Any CPU
		{31DF6BD5-958B-4353-BCC3-04935CE328BD}.Release|Any CPU.ActiveCfg = Release|Any CPU
		{31DF6BD5-958B-4353-BCC3-04935CE328BD}.Release|Any CPU.Build.0 = Release|Any CPU
		{AECDF4D7-0311-49DA-82B7-E99724E2B763}.Debug|Any CPU.ActiveCfg = Debug|Any CPU
		{AECDF4D7-0311-49DA-82B7-E99724E2B763}.Debug|Any CPU.Build.0 = Debug|Any CPU
		{AECDF4D7-0311-49DA-82B7-E99724E2B763}.Release|Any CPU.ActiveCfg = Release|Any CPU
		{AECDF4D7-0311-49DA-82B7-E99724E2B763}.Release|Any CPU.Build.0 = Release|Any CPU
	EndGlobalSection
	GlobalSection(SolutionProperties) = preSolution
		HideSolutionNode = FALSE
	EndGlobalSection
EndGlobal
